
Microsoft Visual Studio Solution File, Format Version 12.00
# Visual Studio Version 16
VisualStudioVersion = 16.0.30114.105
MinimumVisualStudioVersion = 10.0.40219.1
Project("{9A19103F-16F7-4668-BE54-9A1E7A4F7556}") = "TransactionManagement", "TransactionManagement\TransactionManagement.csproj", "{A5B78B1E-EB95-48BD-BF15-F5D2D7A5EF7C}"
EndProject
Project("{FAE04EC0-301F-11D3-BF4B-00C04F79EFBC}") = "BusinessLogic", "BusinessLogic\BusinessLogic.csproj", "{7BF46F37-A92F-4BE9-9662-C4DE911FDD6A}"
EndProject
Project("{FAE04EC0-301F-11D3-BF4B-00C04F79EFBC}") = "Core", "Core\Core.csproj", "{D5F3CC88-B2ED-4B99-AF92-2F08EC5D2904}"
EndProject
Project("{FAE04EC0-301F-11D3-BF4B-00C04F79EFBC}") = "CompositionRoot", "CompositionRoot\CompositionRoot.csproj", "{80621D1B-CC6E-4B24-BEEA-25858149DBD5}"
EndProject
Project("{FAE04EC0-301F-11D3-BF4B-00C04F79EFBC}") = "DataAccess", "DataAccess\DataAccess.csproj", "{3407D09A-0820-4BA7-9C18-BF613317423B}"
EndProject
Project("{FAE04EC0-301F-11D3-BF4B-00C04F79EFBC}") = "ConversionLogic", "ConversionLogic\ConversionLogic.csproj", "{D53E6178-7BFE-4134-9D59-5EC2DC47A2A9}"
EndProject
Global
	GlobalSection(SolutionConfigurationPlatforms) = preSolution
		Debug|Any CPU = Debug|Any CPU
		Release|Any CPU = Release|Any CPU
	EndGlobalSection
	GlobalSection(ProjectConfigurationPlatforms) = postSolution
		{A5B78B1E-EB95-48BD-BF15-F5D2D7A5EF7C}.Debug|Any CPU.ActiveCfg = Debug|Any CPU
		{A5B78B1E-EB95-48BD-BF15-F5D2D7A5EF7C}.Debug|Any CPU.Build.0 = Debug|Any CPU
		{A5B78B1E-EB95-48BD-BF15-F5D2D7A5EF7C}.Release|Any CPU.ActiveCfg = Release|Any CPU
		{A5B78B1E-EB95-48BD-BF15-F5D2D7A5EF7C}.Release|Any CPU.Build.0 = Release|Any CPU
		{7BF46F37-A92F-4BE9-9662-C4DE911FDD6A}.Debug|Any CPU.ActiveCfg = Debug|Any CPU
		{7BF46F37-A92F-4BE9-9662-C4DE911FDD6A}.Debug|Any CPU.Build.0 = Debug|Any CPU
		{7BF46F37-A92F-4BE9-9662-C4DE911FDD6A}.Release|Any CPU.ActiveCfg = Release|Any CPU
		{7BF46F37-A92F-4BE9-9662-C4DE911FDD6A}.Release|Any CPU.Build.0 = Release|Any CPU
		{D5F3CC88-B2ED-4B99-AF92-2F08EC5D2904}.Debug|Any CPU.ActiveCfg = Debug|Any CPU
		{D5F3CC88-B2ED-4B99-AF92-2F08EC5D2904}.Debug|Any CPU.Build.0 = Debug|Any CPU
		{D5F3CC88-B2ED-4B99-AF92-2F08EC5D2904}.Release|Any CPU.ActiveCfg = Release|Any CPU
		{D5F3CC88-B2ED-4B99-AF92-2F08EC5D2904}.Release|Any CPU.Build.0 = Release|Any CPU
		{80621D1B-CC6E-4B24-BEEA-25858149DBD5}.Debug|Any CPU.ActiveCfg = Debug|Any CPU
		{80621D1B-CC6E-4B24-BEEA-25858149DBD5}.Debug|Any CPU.Build.0 = Debug|Any CPU
		{80621D1B-CC6E-4B24-BEEA-25858149DBD5}.Release|Any CPU.ActiveCfg = Release|Any CPU
		{80621D1B-CC6E-4B24-BEEA-25858149DBD5}.Release|Any CPU.Build.0 = Release|Any CPU
		{3407D09A-0820-4BA7-9C18-BF613317423B}.Debug|Any CPU.ActiveCfg = Debug|Any CPU
		{3407D09A-0820-4BA7-9C18-BF613317423B}.Debug|Any CPU.Build.0 = Debug|Any CPU
		{3407D09A-0820-4BA7-9C18-BF613317423B}.Release|Any CPU.ActiveCfg = Release|Any CPU
		{3407D09A-0820-4BA7-9C18-BF613317423B}.Release|Any CPU.Build.0 = Release|Any CPU
		{D53E6178-7BFE-4134-9D59-5EC2DC47A2A9}.Debug|Any CPU.ActiveCfg = Debug|Any CPU
		{D53E6178-7BFE-4134-9D59-5EC2DC47A2A9}.Debug|Any CPU.Build.0 = Debug|Any CPU
		{D53E6178-7BFE-4134-9D59-5EC2DC47A2A9}.Release|Any CPU.ActiveCfg = Release|Any CPU
		{D53E6178-7BFE-4134-9D59-5EC2DC47A2A9}.Release|Any CPU.Build.0 = Release|Any CPU
	EndGlobalSection
	GlobalSection(SolutionProperties) = preSolution
		HideSolutionNode = FALSE
	EndGlobalSection
	GlobalSection(ExtensibilityGlobals) = postSolution
		SolutionGuid = {F2253CE0-D2AA-4480-AEE3-6F88B4AC4D4B}
	EndGlobalSection
EndGlobal
